// !$*UTF8*$!
{
	archiveVersion = 1;
	classes = {
	};
	objectVersion = 50;
	objects = {

/* Begin PBXBuildFile section */
		1E130AA128A6C15E00D098D0 /* AppDelegate.swift in Sources */ = {isa = PBXBuildFile; fileRef = 1E130AA028A6C15E00D098D0 /* AppDelegate.swift */; };
		1E130AA328A6C15E00D098D0 /* SceneDelegate.swift in Sources */ = {isa = PBXBuildFile; fileRef = 1E130AA228A6C15E00D098D0 /* SceneDelegate.swift */; };
		1E130AA528A6C15E00D098D0 /* MainViewController.swift in Sources */ = {isa = PBXBuildFile; fileRef = 1E130AA428A6C15E00D098D0 /* MainViewController.swift */; };
		1E130AA828A6C15E00D098D0 /* Main.storyboard in Resources */ = {isa = PBXBuildFile; fileRef = 1E130AA628A6C15E00D098D0 /* Main.storyboard */; };
		1E130AAA28A6C16200D098D0 /* Assets.xcassets in Resources */ = {isa = PBXBuildFile; fileRef = 1E130AA928A6C16200D098D0 /* Assets.xcassets */; };
		1E130AAD28A6C16200D098D0 /* LaunchScreen.storyboard in Resources */ = {isa = PBXBuildFile; fileRef = 1E130AAB28A6C16200D098D0 /* LaunchScreen.storyboard */; };
		1E130AB928A6C27800D098D0 /* Colors.xcassets in Resources */ = {isa = PBXBuildFile; fileRef = 1E130AB828A6C27800D098D0 /* Colors.xcassets */; };
		1E162D4E28A82688009A600A /* InformationViewController.swift in Sources */ = {isa = PBXBuildFile; fileRef = 1E162D4D28A82688009A600A /* InformationViewController.swift */; };
		1E162D5228A82698009A600A /* Information.storyboard in Resources */ = {isa = PBXBuildFile; fileRef = 1E162D5128A82698009A600A /* Information.storyboard */; };
		1E162D5628A83007009A600A /* TextFieldPadding.swift in Sources */ = {isa = PBXBuildFile; fileRef = 1E162D5528A83007009A600A /* TextFieldPadding.swift */; };
		1E266EEA28A8319900F03CDE /* ShadowExtension.swift in Sources */ = {isa = PBXBuildFile; fileRef = 1E266EE928A8319900F03CDE /* ShadowExtension.swift */; };
		1E2C34FB28A7A577004E6B87 /* Lunch.mp4 in Resources */ = {isa = PBXBuildFile; fileRef = 1E2C34FA28A7A577004E6B87 /* Lunch.mp4 */; };
		1E2C350028A7C41B004E6B87 /* Countries.storyboard in Resources */ = {isa = PBXBuildFile; fileRef = 1E2C34FF28A7C41B004E6B87 /* Countries.storyboard */; };
		1E2C350628A7C490004E6B87 /* ContriesTableViewController.swift in Sources */ = {isa = PBXBuildFile; fileRef = 1E2C350528A7C490004E6B87 /* ContriesTableViewController.swift */; };
		1E2C350A28A7C6BC004E6B87 /* CountriesTableViewCell.swift in Sources */ = {isa = PBXBuildFile; fileRef = 1E2C350828A7C6BC004E6B87 /* CountriesTableViewCell.swift */; };
		1E2C350B28A7C6BD004E6B87 /* CountriesTableViewCell.xib in Resources */ = {isa = PBXBuildFile; fileRef = 1E2C350928A7C6BC004E6B87 /* CountriesTableViewCell.xib */; };
		1E2C351028A7D43E004E6B87 /* CountriesModel.swift in Sources */ = {isa = PBXBuildFile; fileRef = 1E2C350F28A7D43E004E6B87 /* CountriesModel.swift */; };
		1E2CC87828A98BF0000C0C51 /* Home.storyboard in Resources */ = {isa = PBXBuildFile; fileRef = 1E2CC87728A98BF0000C0C51 /* Home.storyboard */; };
		1E2CC87B28A98C13000C0C51 /* HomeViewController.swift in Sources */ = {isa = PBXBuildFile; fileRef = 1E2CC87A28A98C13000C0C51 /* HomeViewController.swift */; };
		1E2CC87E28A98D5F000C0C51 /* InformationPresenter.swift in Sources */ = {isa = PBXBuildFile; fileRef = 1E2CC87D28A98D5F000C0C51 /* InformationPresenter.swift */; };
		1E2CC88128A98EEB000C0C51 /* HomePresenter.swift in Sources */ = {isa = PBXBuildFile; fileRef = 1E2CC88028A98EEB000C0C51 /* HomePresenter.swift */; };
		1E73A3F828B7B3360041E260 /* BrandsModel.swift in Sources */ = {isa = PBXBuildFile; fileRef = 1E73A3F728B7B3360041E260 /* BrandsModel.swift */; };
		1E8616F828AAACF300F85D4C /* User.swift in Sources */ = {isa = PBXBuildFile; fileRef = 1E8616F728AAACF300F85D4C /* User.swift */; };
		1EACE57828ABF708007BBC64 /* CatgoriesModel.swift in Sources */ = {isa = PBXBuildFile; fileRef = 1EACE57728ABF708007BBC64 /* CatgoriesModel.swift */; };
		1ED2AD4E28ABD8F500DBA51C /* Home+CollectionView.swift in Sources */ = {isa = PBXBuildFile; fileRef = 1ED2AD4D28ABD8F500DBA51C /* Home+CollectionView.swift */; };
		1ED2AD5228ABDB0800DBA51C /* CategoriesCollectionViewCell.swift in Sources */ = {isa = PBXBuildFile; fileRef = 1ED2AD5028ABDB0800DBA51C /* CategoriesCollectionViewCell.swift */; };
		1ED2AD5328ABDB0800DBA51C /* CategoriesCollectionViewCell.xib in Resources */ = {isa = PBXBuildFile; fileRef = 1ED2AD5128ABDB0800DBA51C /* CategoriesCollectionViewCell.xib */; };
		1EDAB5B428B00CD8004EADF4 /* TopPicksCVCell.swift in Sources */ = {isa = PBXBuildFile; fileRef = 1EDAB5B228B00CD8004EADF4 /* TopPicksCVCell.swift */; };
		1EDAB5B528B00CD8004EADF4 /* TopPicksCVCell.xib in Resources */ = {isa = PBXBuildFile; fileRef = 1EDAB5B328B00CD8004EADF4 /* TopPicksCVCell.xib */; };
		1EDBDDB528B17AFA00C5AE96 /* DiscountsCVCell.swift in Sources */ = {isa = PBXBuildFile; fileRef = 1EDBDDB328B17AFA00C5AE96 /* DiscountsCVCell.swift */; };
		1EDBDDB628B17AFA00C5AE96 /* DiscountsCVCell.xib in Resources */ = {isa = PBXBuildFile; fileRef = 1EDBDDB428B17AFA00C5AE96 /* DiscountsCVCell.xib */; };
		1EEA3EC428B772AA0011326D /* BrandsCollectionVC.swift in Sources */ = {isa = PBXBuildFile; fileRef = 1EEA3EC228B772AA0011326D /* BrandsCollectionVC.swift */; };
		1EEA3EC528B772AA0011326D /* BrandsCollectionVC.xib in Resources */ = {isa = PBXBuildFile; fileRef = 1EEA3EC328B772AA0011326D /* BrandsCollectionVC.xib */; };
/* End PBXBuildFile section */

/* Begin PBXFileReference section */
		1E130A9D28A6C15E00D098D0 /* TalabatAppClone.app */ = {isa = PBXFileReference; explicitFileType = wrapper.application; includeInIndex = 0; path = TalabatAppClone.app; sourceTree = BUILT_PRODUCTS_DIR; };
		1E130AA028A6C15E00D098D0 /* AppDelegate.swift */ = {isa = PBXFileReference; lastKnownFileType = sourcecode.swift; path = AppDelegate.swift; sourceTree = "<group>"; };
		1E130AA228A6C15E00D098D0 /* SceneDelegate.swift */ = {isa = PBXFileReference; lastKnownFileType = sourcecode.swift; path = SceneDelegate.swift; sourceTree = "<group>"; };
		1E130AA428A6C15E00D098D0 /* MainViewController.swift */ = {isa = PBXFileReference; lastKnownFileType = sourcecode.swift; path = MainViewController.swift; sourceTree = "<group>"; };
		1E130AA728A6C15E00D098D0 /* Base */ = {isa = PBXFileReference; lastKnownFileType = file.storyboard; name = Base; path = Base.lproj/Main.storyboard; sourceTree = "<group>"; };
		1E130AA928A6C16200D098D0 /* Assets.xcassets */ = {isa = PBXFileReference; lastKnownFileType = folder.assetcatalog; path = Assets.xcassets; sourceTree = "<group>"; };
		1E130AAC28A6C16200D098D0 /* Base */ = {isa = PBXFileReference; lastKnownFileType = file.storyboard; name = Base; path = Base.lproj/LaunchScreen.storyboard; sourceTree = "<group>"; };
		1E130AAE28A6C16200D098D0 /* Info.plist */ = {isa = PBXFileReference; lastKnownFileType = text.plist.xml; path = Info.plist; sourceTree = "<group>"; };
		1E130AB828A6C27800D098D0 /* Colors.xcassets */ = {isa = PBXFileReference; lastKnownFileType = folder.assetcatalog; path = Colors.xcassets; sourceTree = "<group>"; };
		1E162D4D28A82688009A600A /* InformationViewController.swift */ = {isa = PBXFileReference; lastKnownFileType = sourcecode.swift; path = InformationViewController.swift; sourceTree = "<group>"; };
		1E162D5128A82698009A600A /* Information.storyboard */ = {isa = PBXFileReference; lastKnownFileType = file.storyboard; path = Information.storyboard; sourceTree = "<group>"; };
		1E162D5528A83007009A600A /* TextFieldPadding.swift */ = {isa = PBXFileReference; lastKnownFileType = sourcecode.swift; path = TextFieldPadding.swift; sourceTree = "<group>"; };
		1E266EE928A8319900F03CDE /* ShadowExtension.swift */ = {isa = PBXFileReference; fileEncoding = 4; lastKnownFileType = sourcecode.swift; path = ShadowExtension.swift; sourceTree = "<group>"; };
		1E2C34FA28A7A577004E6B87 /* Lunch.mp4 */ = {isa = PBXFileReference; lastKnownFileType = file; path = Lunch.mp4; sourceTree = "<group>"; };
		1E2C34FF28A7C41B004E6B87 /* Countries.storyboard */ = {isa = PBXFileReference; lastKnownFileType = file.storyboard; path = Countries.storyboard; sourceTree = "<group>"; };
		1E2C350528A7C490004E6B87 /* ContriesTableViewController.swift */ = {isa = PBXFileReference; lastKnownFileType = sourcecode.swift; path = ContriesTableViewController.swift; sourceTree = "<group>"; };
		1E2C350828A7C6BC004E6B87 /* CountriesTableViewCell.swift */ = {isa = PBXFileReference; lastKnownFileType = sourcecode.swift; path = CountriesTableViewCell.swift; sourceTree = "<group>"; };
		1E2C350928A7C6BC004E6B87 /* CountriesTableViewCell.xib */ = {isa = PBXFileReference; lastKnownFileType = file.xib; path = CountriesTableViewCell.xib; sourceTree = "<group>"; };
		1E2C350F28A7D43E004E6B87 /* CountriesModel.swift */ = {isa = PBXFileReference; lastKnownFileType = sourcecode.swift; path = CountriesModel.swift; sourceTree = "<group>"; };
		1E2CC87728A98BF0000C0C51 /* Home.storyboard */ = {isa = PBXFileReference; lastKnownFileType = file.storyboard; path = Home.storyboard; sourceTree = "<group>"; };
		1E2CC87A28A98C13000C0C51 /* HomeViewController.swift */ = {isa = PBXFileReference; lastKnownFileType = sourcecode.swift; path = HomeViewController.swift; sourceTree = "<group>"; };
		1E2CC87D28A98D5F000C0C51 /* InformationPresenter.swift */ = {isa = PBXFileReference; lastKnownFileType = sourcecode.swift; path = InformationPresenter.swift; sourceTree = "<group>"; };
		1E2CC88028A98EEB000C0C51 /* HomePresenter.swift */ = {isa = PBXFileReference; lastKnownFileType = sourcecode.swift; path = HomePresenter.swift; sourceTree = "<group>"; };
		1E73A3F728B7B3360041E260 /* BrandsModel.swift */ = {isa = PBXFileReference; lastKnownFileType = sourcecode.swift; path = BrandsModel.swift; sourceTree = "<group>"; };
		1E8616F728AAACF300F85D4C /* User.swift */ = {isa = PBXFileReference; lastKnownFileType = sourcecode.swift; path = User.swift; sourceTree = "<group>"; };
		1EACE57728ABF708007BBC64 /* CatgoriesModel.swift */ = {isa = PBXFileReference; lastKnownFileType = sourcecode.swift; path = CatgoriesModel.swift; sourceTree = "<group>"; };
		1ED2AD4D28ABD8F500DBA51C /* Home+CollectionView.swift */ = {isa = PBXFileReference; lastKnownFileType = sourcecode.swift; path = "Home+CollectionView.swift"; sourceTree = "<group>"; };
		1ED2AD5028ABDB0800DBA51C /* CategoriesCollectionViewCell.swift */ = {isa = PBXFileReference; lastKnownFileType = sourcecode.swift; path = CategoriesCollectionViewCell.swift; sourceTree = "<group>"; };
		1ED2AD5128ABDB0800DBA51C /* CategoriesCollectionViewCell.xib */ = {isa = PBXFileReference; lastKnownFileType = file.xib; path = CategoriesCollectionViewCell.xib; sourceTree = "<group>"; };
		1EDAB5B228B00CD8004EADF4 /* TopPicksCVCell.swift */ = {isa = PBXFileReference; lastKnownFileType = sourcecode.swift; path = TopPicksCVCell.swift; sourceTree = "<group>"; };
		1EDAB5B328B00CD8004EADF4 /* TopPicksCVCell.xib */ = {isa = PBXFileReference; lastKnownFileType = file.xib; path = TopPicksCVCell.xib; sourceTree = "<group>"; };
		1EDBDDB328B17AFA00C5AE96 /* DiscountsCVCell.swift */ = {isa = PBXFileReference; lastKnownFileType = sourcecode.swift; path = DiscountsCVCell.swift; sourceTree = "<group>"; };
		1EDBDDB428B17AFA00C5AE96 /* DiscountsCVCell.xib */ = {isa = PBXFileReference; lastKnownFileType = file.xib; path = DiscountsCVCell.xib; sourceTree = "<group>"; };
		1EEA3EC228B772AA0011326D /* BrandsCollectionVC.swift */ = {isa = PBXFileReference; lastKnownFileType = sourcecode.swift; path = BrandsCollectionVC.swift; sourceTree = "<group>"; };
		1EEA3EC328B772AA0011326D /* BrandsCollectionVC.xib */ = {isa = PBXFileReference; lastKnownFileType = file.xib; path = BrandsCollectionVC.xib; sourceTree = "<group>"; };
/* End PBXFileReference section */

/* Begin PBXFrameworksBuildPhase section */
		1E130A9A28A6C15E00D098D0 /* Frameworks */ = {
			isa = PBXFrameworksBuildPhase;
			buildActionMask = 2147483647;
			files = (
			);
			runOnlyForDeploymentPostprocessing = 0;
		};
/* End PBXFrameworksBuildPhase section */

/* Begin PBXGroup section */
		1E130A9428A6C15D00D098D0 = {
			isa = PBXGroup;
			children = (
				1E130A9F28A6C15E00D098D0 /* TalabatAppClone */,
				1E130A9E28A6C15E00D098D0 /* Products */,
			);
			sourceTree = "<group>";
		};
		1E130A9E28A6C15E00D098D0 /* Products */ = {
			isa = PBXGroup;
			children = (
				1E130A9D28A6C15E00D098D0 /* TalabatAppClone.app */,
			);
			name = Products;
			sourceTree = "<group>";
		};
		1E130A9F28A6C15E00D098D0 /* TalabatAppClone */ = {
			isa = PBXGroup;
			children = (
				1E130AB528A6C23200D098D0 /* Resources */,
				1E162D5428A82FE6009A600A /* Extensions */,
				1E130ABF28A6C32900D098D0 /* Storyboards */,
				1E130AB628A6C23A00D098D0 /* Modules */,
				1E130AAE28A6C16200D098D0 /* Info.plist */,
			);
			path = TalabatAppClone;
			sourceTree = "<group>";
		};
		1E130AB528A6C23200D098D0 /* Resources */ = {
			isa = PBXGroup;
			children = (
				1E130AA028A6C15E00D098D0 /* AppDelegate.swift */,
				1E130AA228A6C15E00D098D0 /* SceneDelegate.swift */,
				1E130AB828A6C27800D098D0 /* Colors.xcassets */,
				1E130AA928A6C16200D098D0 /* Assets.xcassets */,
				1E2C34FA28A7A577004E6B87 /* Lunch.mp4 */,
			);
			path = Resources;
			sourceTree = "<group>";
		};
		1E130AB628A6C23A00D098D0 /* Modules */ = {
			isa = PBXGroup;
			children = (
				1E130ABE28A6C31A00D098D0 /* MainView */,
				1E2C350228A7C444004E6B87 /* CountriesView */,
				1E162D4928A82638009A600A /* InformationView */,
				1E2CC87228A985B9000C0C51 /* HomeView */,
			);
			path = Modules;
			sourceTree = "<group>";
		};
		1E130ABE28A6C31A00D098D0 /* MainView */ = {
			isa = PBXGroup;
			children = (
				1E130AC128A6C34A00D098D0 /* View */,
				1E2C34FD28A7B1D9004E6B87 /* Presenter */,
			);
			path = MainView;
			sourceTree = "<group>";
		};
		1E130ABF28A6C32900D098D0 /* Storyboards */ = {
			isa = PBXGroup;
			children = (
				1E130AAB28A6C16200D098D0 /* LaunchScreen.storyboard */,
				1E130AA628A6C15E00D098D0 /* Main.storyboard */,
				1E2C34FF28A7C41B004E6B87 /* Countries.storyboard */,
				1E162D5128A82698009A600A /* Information.storyboard */,
				1E2CC87728A98BF0000C0C51 /* Home.storyboard */,
			);
			path = Storyboards;
			sourceTree = "<group>";
		};
		1E130AC128A6C34A00D098D0 /* View */ = {
			isa = PBXGroup;
			children = (
				1E130AA428A6C15E00D098D0 /* MainViewController.swift */,
			);
			path = View;
			sourceTree = "<group>";
		};
		1E162D4928A82638009A600A /* InformationView */ = {
			isa = PBXGroup;
			children = (
				1E8616F628AAACE200F85D4C /* Model */,
				1E162D4B28A82658009A600A /* View */,
				1E162D4A28A82653009A600A /* Presenter */,
			);
			path = InformationView;
			sourceTree = "<group>";
		};
		1E162D4A28A82653009A600A /* Presenter */ = {
			isa = PBXGroup;
			children = (
				1E2CC87D28A98D5F000C0C51 /* InformationPresenter.swift */,
			);
			path = Presenter;
			sourceTree = "<group>";
		};
		1E162D4B28A82658009A600A /* View */ = {
			isa = PBXGroup;
			children = (
				1E162D4D28A82688009A600A /* InformationViewController.swift */,
			);
			path = View;
			sourceTree = "<group>";
		};
		1E162D5428A82FE6009A600A /* Extensions */ = {
			isa = PBXGroup;
			children = (
				1E266EE928A8319900F03CDE /* ShadowExtension.swift */,
				1E162D5528A83007009A600A /* TextFieldPadding.swift */,
			);
			path = Extensions;
			sourceTree = "<group>";
		};
		1E2C34FD28A7B1D9004E6B87 /* Presenter */ = {
			isa = PBXGroup;
			children = (
			);
			path = Presenter;
			sourceTree = "<group>";
		};
		1E2C350228A7C444004E6B87 /* CountriesView */ = {
			isa = PBXGroup;
			children = (
				1E2C350E28A7D430004E6B87 /* Model */,
				1E2C350328A7C451004E6B87 /* View */,
			);
			path = CountriesView;
			sourceTree = "<group>";
		};
		1E2C350328A7C451004E6B87 /* View */ = {
			isa = PBXGroup;
			children = (
				1E2C350528A7C490004E6B87 /* ContriesTableViewController.swift */,
				1E2C350828A7C6BC004E6B87 /* CountriesTableViewCell.swift */,
				1E2C350928A7C6BC004E6B87 /* CountriesTableViewCell.xib */,
			);
			path = View;
			sourceTree = "<group>";
		};
		1E2C350E28A7D430004E6B87 /* Model */ = {
			isa = PBXGroup;
			children = (
				1E2C350F28A7D43E004E6B87 /* CountriesModel.swift */,
			);
			path = Model;
			sourceTree = "<group>";
		};
		1E2CC87228A985B9000C0C51 /* HomeView */ = {
			isa = PBXGroup;
			children = (
				1E2CC87428A98B69000C0C51 /* Model */,
				1E2CC87328A98B63000C0C51 /* View */,
				1E2CC87528A98B6E000C0C51 /* Presenter */,
			);
			path = HomeView;
			sourceTree = "<group>";
		};
		1E2CC87328A98B63000C0C51 /* View */ = {
			isa = PBXGroup;
			children = (
				1E2CC87A28A98C13000C0C51 /* HomeViewController.swift */,
				1ED2AD4C28ABD8DC00DBA51C /* CollectionView */,
			);
			path = View;
			sourceTree = "<group>";
		};
		1E2CC87428A98B69000C0C51 /* Model */ = {
			isa = PBXGroup;
			children = (
				1EACE57728ABF708007BBC64 /* CatgoriesModel.swift */,
				1E73A3F728B7B3360041E260 /* BrandsModel.swift */,
			);
			path = Model;
			sourceTree = "<group>";
		};
		1E2CC87528A98B6E000C0C51 /* Presenter */ = {
			isa = PBXGroup;
			children = (
				1E2CC88028A98EEB000C0C51 /* HomePresenter.swift */,
			);
			path = Presenter;
			sourceTree = "<group>";
		};
		1E8616F628AAACE200F85D4C /* Model */ = {
			isa = PBXGroup;
			children = (
				1E8616F728AAACF300F85D4C /* User.swift */,
			);
			path = Model;
			sourceTree = "<group>";
		};
		1ED2AD4C28ABD8DC00DBA51C /* CollectionView */ = {
			isa = PBXGroup;
			children = (
				1ED2AD4D28ABD8F500DBA51C /* Home+CollectionView.swift */,
				1ED2AD5528ABDE2700DBA51C /* Cells */,
			);
			path = CollectionView;
			sourceTree = "<group>";
		};
		1ED2AD5528ABDE2700DBA51C /* Cells */ = {
			isa = PBXGroup;
			children = (
				1ED2AD5028ABDB0800DBA51C /* CategoriesCollectionViewCell.swift */,
				1ED2AD5128ABDB0800DBA51C /* CategoriesCollectionViewCell.xib */,
				1EDAB5B228B00CD8004EADF4 /* TopPicksCVCell.swift */,
				1EDAB5B328B00CD8004EADF4 /* TopPicksCVCell.xib */,
				1EDBDDB328B17AFA00C5AE96 /* DiscountsCVCell.swift */,
				1EDBDDB428B17AFA00C5AE96 /* DiscountsCVCell.xib */,
				1EEA3EC228B772AA0011326D /* BrandsCollectionVC.swift */,
				1EEA3EC328B772AA0011326D /* BrandsCollectionVC.xib */,
			);
			path = Cells;
			sourceTree = "<group>";
		};
/* End PBXGroup section */

/* Begin PBXNativeTarget section */
		1E130A9C28A6C15E00D098D0 /* TalabatAppClone */ = {
			isa = PBXNativeTarget;
			buildConfigurationList = 1E130AB128A6C16300D098D0 /* Build configuration list for PBXNativeTarget "TalabatAppClone" */;
			buildPhases = (
				1E130A9928A6C15E00D098D0 /* Sources */,
				1E130A9A28A6C15E00D098D0 /* Frameworks */,
				1E130A9B28A6C15E00D098D0 /* Resources */,
			);
			buildRules = (
			);
			dependencies = (
			);
			name = TalabatAppClone;
			productName = TalabatAppClone;
			productReference = 1E130A9D28A6C15E00D098D0 /* TalabatAppClone.app */;
			productType = "com.apple.product-type.application";
		};
/* End PBXNativeTarget section */

/* Begin PBXProject section */
		1E130A9528A6C15D00D098D0 /* Project object */ = {
			isa = PBXProject;
			attributes = {
				LastSwiftUpdateCheck = 1220;
				LastUpgradeCheck = 1220;
				TargetAttributes = {
					1E130A9C28A6C15E00D098D0 = {
						CreatedOnToolsVersion = 12.2;
					};
				};
			};
			buildConfigurationList = 1E130A9828A6C15D00D098D0 /* Build configuration list for PBXProject "TalabatAppClone" */;
			compatibilityVersion = "Xcode 9.3";
			developmentRegion = en;
			hasScannedForEncodings = 0;
			knownRegions = (
				en,
				Base,
			);
			mainGroup = 1E130A9428A6C15D00D098D0;
			productRefGroup = 1E130A9E28A6C15E00D098D0 /* Products */;
			projectDirPath = "";
			projectRoot = "";
			targets = (
				1E130A9C28A6C15E00D098D0 /* TalabatAppClone */,
			);
		};
/* End PBXProject section */

/* Begin PBXResourcesBuildPhase section */
		1E130A9B28A6C15E00D098D0 /* Resources */ = {
			isa = PBXResourcesBuildPhase;
			buildActionMask = 2147483647;
			files = (
				1E130AAD28A6C16200D098D0 /* LaunchScreen.storyboard in Resources */,
				1E130AB928A6C27800D098D0 /* Colors.xcassets in Resources */,
				1E2C350B28A7C6BD004E6B87 /* CountriesTableViewCell.xib in Resources */,
				1E2CC87828A98BF0000C0C51 /* Home.storyboard in Resources */,
				1EDAB5B528B00CD8004EADF4 /* TopPicksCVCell.xib in Resources */,
				1EEA3EC528B772AA0011326D /* BrandsCollectionVC.xib in Resources */,
				1E162D5228A82698009A600A /* Information.storyboard in Resources */,
				1E130AAA28A6C16200D098D0 /* Assets.xcassets in Resources */,
				1ED2AD5328ABDB0800DBA51C /* CategoriesCollectionViewCell.xib in Resources */,
				1E2C350028A7C41B004E6B87 /* Countries.storyboard in Resources */,
				1EDBDDB628B17AFA00C5AE96 /* DiscountsCVCell.xib in Resources */,
				1E2C34FB28A7A577004E6B87 /* Lunch.mp4 in Resources */,
				1E130AA828A6C15E00D098D0 /* Main.storyboard in Resources */,
			);
			runOnlyForDeploymentPostprocessing = 0;
		};
/* End PBXResourcesBuildPhase section */

/* Begin PBXSourcesBuildPhase section */
		1E130A9928A6C15E00D098D0 /* Sources */ = {
			isa = PBXSourcesBuildPhase;
			buildActionMask = 2147483647;
			files = (
				1E8616F828AAACF300F85D4C /* User.swift in Sources */,
				1EDBDDB528B17AFA00C5AE96 /* DiscountsCVCell.swift in Sources */,
				1EACE57828ABF708007BBC64 /* CatgoriesModel.swift in Sources */,
				1E130AA528A6C15E00D098D0 /* MainViewController.swift in Sources */,
				1E162D5628A83007009A600A /* TextFieldPadding.swift in Sources */,
				1E130AA128A6C15E00D098D0 /* AppDelegate.swift in Sources */,
				1E2CC88128A98EEB000C0C51 /* HomePresenter.swift in Sources */,
				1E162D4E28A82688009A600A /* InformationViewController.swift in Sources */,
				1E266EEA28A8319900F03CDE /* ShadowExtension.swift in Sources */,
				1E2CC87E28A98D5F000C0C51 /* InformationPresenter.swift in Sources */,
				1E2CC87B28A98C13000C0C51 /* HomeViewController.swift in Sources */,
				1ED2AD5228ABDB0800DBA51C /* CategoriesCollectionViewCell.swift in Sources */,
				1EEA3EC428B772AA0011326D /* BrandsCollectionVC.swift in Sources */,
				1E2C350628A7C490004E6B87 /* ContriesTableViewController.swift in Sources */,
				1E130AA328A6C15E00D098D0 /* SceneDelegate.swift in Sources */,
				1E73A3F828B7B3360041E260 /* BrandsModel.swift in Sources */,
				1E2C351028A7D43E004E6B87 /* CountriesModel.swift in Sources */,
				1E2C350A28A7C6BC004E6B87 /* CountriesTableViewCell.swift in Sources */,
				1ED2AD4E28ABD8F500DBA51C /* Home+CollectionView.swift in Sources */,
				1EDAB5B428B00CD8004EADF4 /* TopPicksCVCell.swift in Sources */,
			);
			runOnlyForDeploymentPostprocessing = 0;
		};
/* End PBXSourcesBuildPhase section */

/* Begin PBXVariantGroup section */
		1E130AA628A6C15E00D098D0 /* Main.storyboard */ = {
			isa = PBXVariantGroup;
			children = (
				1E130AA728A6C15E00D098D0 /* Base */,
			);
			name = Main.storyboard;
			sourceTree = "<group>";
		};
		1E130AAB28A6C16200D098D0 /* LaunchScreen.storyboard */ = {
			isa = PBXVariantGroup;
			children = (
				1E130AAC28A6C16200D098D0 /* Base */,
			);
			name = LaunchScreen.storyboard;
			sourceTree = "<group>";
		};
/* End PBXVariantGroup section */

/* Begin XCBuildConfiguration section */
		1E130AAF28A6C16200D098D0 /* Debug */ = {
			isa = XCBuildConfiguration;
			buildSettings = {
				ALWAYS_SEARCH_USER_PATHS = NO;
				CLANG_ANALYZER_NONNULL = YES;
				CLANG_ANALYZER_NUMBER_OBJECT_CONVERSION = YES_AGGRESSIVE;
				CLANG_CXX_LANGUAGE_STANDARD = "gnu++14";
				CLANG_CXX_LIBRARY = "libc++";
				CLANG_ENABLE_MODULES = YES;
				CLANG_ENABLE_OBJC_ARC = YES;
				CLANG_ENABLE_OBJC_WEAK = YES;
				CLANG_WARN_BLOCK_CAPTURE_AUTORELEASING = YES;
				CLANG_WARN_BOOL_CONVERSION = YES;
				CLANG_WARN_COMMA = YES;
				CLANG_WARN_CONSTANT_CONVERSION = YES;
				CLANG_WARN_DEPRECATED_OBJC_IMPLEMENTATIONS = YES;
				CLANG_WARN_DIRECT_OBJC_ISA_USAGE = YES_ERROR;
				CLANG_WARN_DOCUMENTATION_COMMENTS = YES;
				CLANG_WARN_EMPTY_BODY = YES;
				CLANG_WARN_ENUM_CONVERSION = YES;
				CLANG_WARN_INFINITE_RECURSION = YES;
				CLANG_WARN_INT_CONVERSION = YES;
				CLANG_WARN_NON_LITERAL_NULL_CONVERSION = YES;
				CLANG_WARN_OBJC_IMPLICIT_RETAIN_SELF = YES;
				CLANG_WARN_OBJC_LITERAL_CONVERSION = YES;
				CLANG_WARN_OBJC_ROOT_CLASS = YES_ERROR;
				CLANG_WARN_QUOTED_INCLUDE_IN_FRAMEWORK_HEADER = YES;
				CLANG_WARN_RANGE_LOOP_ANALYSIS = YES;
				CLANG_WARN_STRICT_PROTOTYPES = YES;
				CLANG_WARN_SUSPICIOUS_MOVE = YES;
				CLANG_WARN_UNGUARDED_AVAILABILITY = YES_AGGRESSIVE;
				CLANG_WARN_UNREACHABLE_CODE = YES;
				CLANG_WARN__DUPLICATE_METHOD_MATCH = YES;
				COPY_PHASE_STRIP = NO;
				DEBUG_INFORMATION_FORMAT = dwarf;
				ENABLE_STRICT_OBJC_MSGSEND = YES;
				ENABLE_TESTABILITY = YES;
				GCC_C_LANGUAGE_STANDARD = gnu11;
				GCC_DYNAMIC_NO_PIC = NO;
				GCC_NO_COMMON_BLOCKS = YES;
				GCC_OPTIMIZATION_LEVEL = 0;
				GCC_PREPROCESSOR_DEFINITIONS = (
					"DEBUG=1",
					"$(inherited)",
				);
				GCC_WARN_64_TO_32_BIT_CONVERSION = YES;
				GCC_WARN_ABOUT_RETURN_TYPE = YES_ERROR;
				GCC_WARN_UNDECLARED_SELECTOR = YES;
				GCC_WARN_UNINITIALIZED_AUTOS = YES_AGGRESSIVE;
				GCC_WARN_UNUSED_FUNCTION = YES;
				GCC_WARN_UNUSED_VARIABLE = YES;
				IPHONEOS_DEPLOYMENT_TARGET = 14.2;
				MTL_ENABLE_DEBUG_INFO = INCLUDE_SOURCE;
				MTL_FAST_MATH = YES;
				ONLY_ACTIVE_ARCH = YES;
				SDKROOT = iphoneos;
				SWIFT_ACTIVE_COMPILATION_CONDITIONS = DEBUG;
				SWIFT_OPTIMIZATION_LEVEL = "-Onone";
			};
			name = Debug;
		};
		1E130AB028A6C16200D098D0 /* Release */ = {
			isa = XCBuildConfiguration;
			buildSettings = {
				ALWAYS_SEARCH_USER_PATHS = NO;
				CLANG_ANALYZER_NONNULL = YES;
				CLANG_ANALYZER_NUMBER_OBJECT_CONVERSION = YES_AGGRESSIVE;
				CLANG_CXX_LANGUAGE_STANDARD = "gnu++14";
				CLANG_CXX_LIBRARY = "libc++";
				CLANG_ENABLE_MODULES = YES;
				CLANG_ENABLE_OBJC_ARC = YES;
				CLANG_ENABLE_OBJC_WEAK = YES;
				CLANG_WARN_BLOCK_CAPTURE_AUTORELEASING = YES;
				CLANG_WARN_BOOL_CONVERSION = YES;
				CLANG_WARN_COMMA = YES;
				CLANG_WARN_CONSTANT_CONVERSION = YES;
				CLANG_WARN_DEPRECATED_OBJC_IMPLEMENTATIONS = YES;
				CLANG_WARN_DIRECT_OBJC_ISA_USAGE = YES_ERROR;
				CLANG_WARN_DOCUMENTATION_COMMENTS = YES;
				CLANG_WARN_EMPTY_BODY = YES;
				CLANG_WARN_ENUM_CONVERSION = YES;
				CLANG_WARN_INFINITE_RECURSION = YES;
				CLANG_WARN_INT_CONVERSION = YES;
				CLANG_WARN_NON_LITERAL_NULL_CONVERSION = YES;
				CLANG_WARN_OBJC_IMPLICIT_RETAIN_SELF = YES;
				CLANG_WARN_OBJC_LITERAL_CONVERSION = YES;
				CLANG_WARN_OBJC_ROOT_CLASS = YES_ERROR;
				CLANG_WARN_QUOTED_INCLUDE_IN_FRAMEWORK_HEADER = YES;
				CLANG_WARN_RANGE_LOOP_ANALYSIS = YES;
				CLANG_WARN_STRICT_PROTOTYPES = YES;
				CLANG_WARN_SUSPICIOUS_MOVE = YES;
				CLANG_WARN_UNGUARDED_AVAILABILITY = YES_AGGRESSIVE;
				CLANG_WARN_UNREACHABLE_CODE = YES;
				CLANG_WARN__DUPLICATE_METHOD_MATCH = YES;
				COPY_PHASE_STRIP = NO;
				DEBUG_INFORMATION_FORMAT = "dwarf-with-dsym";
				ENABLE_NS_ASSERTIONS = NO;
				ENABLE_STRICT_OBJC_MSGSEND = YES;
				GCC_C_LANGUAGE_STANDARD = gnu11;
				GCC_NO_COMMON_BLOCKS = YES;
				GCC_WARN_64_TO_32_BIT_CONVERSION = YES;
				GCC_WARN_ABOUT_RETURN_TYPE = YES_ERROR;
				GCC_WARN_UNDECLARED_SELECTOR = YES;
				GCC_WARN_UNINITIALIZED_AUTOS = YES_AGGRESSIVE;
				GCC_WARN_UNUSED_FUNCTION = YES;
				GCC_WARN_UNUSED_VARIABLE = YES;
				IPHONEOS_DEPLOYMENT_TARGET = 14.2;
				MTL_ENABLE_DEBUG_INFO = NO;
				MTL_FAST_MATH = YES;
				SDKROOT = iphoneos;
				SWIFT_COMPILATION_MODE = wholemodule;
				SWIFT_OPTIMIZATION_LEVEL = "-O";
				VALIDATE_PRODUCT = YES;
			};
			name = Release;
		};
		1E130AB228A6C16300D098D0 /* Debug */ = {
			isa = XCBuildConfiguration;
			buildSettings = {
				ASSETCATALOG_COMPILER_APPICON_NAME = AppIcon;
				ASSETCATALOG_COMPILER_GLOBAL_ACCENT_COLOR_NAME = AccentColor;
				CODE_SIGN_STYLE = Automatic;
				DEVELOPMENT_TEAM = 5N79QDCTNF;
				INFOPLIST_FILE = TalabatAppClone/Info.plist;
				LD_RUNPATH_SEARCH_PATHS = (
					"$(inherited)",
					"@executable_path/Frameworks",
				);
				PRODUCT_BUNDLE_IDENTIFIER = comHashim.TalabatAppClone;
				PRODUCT_NAME = "$(TARGET_NAME)";
				SWIFT_VERSION = 5.0;
				TARGETED_DEVICE_FAMILY = "1,2";
			};
			name = Debug;
		};
		1E130AB328A6C16300D098D0 /* Release */ = {
			isa = XCBuildConfiguration;
			buildSettings = {
				ASSETCATALOG_COMPILER_APPICON_NAME = AppIcon;
				ASSETCATALOG_COMPILER_GLOBAL_ACCENT_COLOR_NAME = AccentColor;
				CODE_SIGN_STYLE = Automatic;
				DEVELOPMENT_TEAM = 5N79QDCTNF;
				INFOPLIST_FILE = TalabatAppClone/Info.plist;
				LD_RUNPATH_SEARCH_PATHS = (
					"$(inherited)",
					"@executable_path/Frameworks",
				);
				PRODUCT_BUNDLE_IDENTIFIER = comHashim.TalabatAppClone;
				PRODUCT_NAME = "$(TARGET_NAME)";
				SWIFT_VERSION = 5.0;
				TARGETED_DEVICE_FAMILY = "1,2";
			};
			name = Release;
		};
/* End XCBuildConfiguration section */

/* Begin XCConfigurationList section */
		1E130A9828A6C15D00D098D0 /* Build configuration list for PBXProject "TalabatAppClone" */ = {
			isa = XCConfigurationList;
			buildConfigurations = (
				1E130AAF28A6C16200D098D0 /* Debug */,
				1E130AB028A6C16200D098D0 /* Release */,
			);
			defaultConfigurationIsVisible = 0;
			defaultConfigurationName = Release;
		};
		1E130AB128A6C16300D098D0 /* Build configuration list for PBXNativeTarget "TalabatAppClone" */ = {
			isa = XCConfigurationList;
			buildConfigurations = (
				1E130AB228A6C16300D098D0 /* Debug */,
				1E130AB328A6C16300D098D0 /* Release */,
			);
			defaultConfigurationIsVisible = 0;
			defaultConfigurationName = Release;
		};
/* End XCConfigurationList section */
	};
	rootObject = 1E130A9528A6C15D00D098D0 /* Project object */;
}
